// !$*UTF8*$!
{
	archiveVersion = 1;
	classes = {
	};
	objectVersion = 56;
	objects = {

/* Begin PBXBuildFile section */
		0F2C9B942B871BFE00C7A462 /* LWEApp.swift in Sources */ = {isa = PBXBuildFile; fileRef = 0F2C9B932B871BFE00C7A462 /* LWEApp.swift */; };
		0F2C9B962B871BFE00C7A462 /* ContentView.swift in Sources */ = {isa = PBXBuildFile; fileRef = 0F2C9B952B871BFE00C7A462 /* ContentView.swift */; };
		0F2C9B982B871BFF00C7A462 /* Assets.xcassets in Resources */ = {isa = PBXBuildFile; fileRef = 0F2C9B972B871BFF00C7A462 /* Assets.xcassets */; };
		0F2C9BA62B872ADB00C7A462 /* MobileContainerManager.tbd in Frameworks */ = {isa = PBXBuildFile; fileRef = 0F2C9BA52B872ADB00C7A462 /* MobileContainerManager.tbd */; };
		0F2C9BAA2B872B6100C7A462 /* PhotosPosterProvider.m in Sources */ = {isa = PBXBuildFile; fileRef = 0F2C9BA92B872B6100C7A462 /* PhotosPosterProvider.m */; };
/* End PBXBuildFile section */

/* Begin PBXFileReference section */
		0F2C9B902B871BFE00C7A462 /* LWEApp.app */ = {isa = PBXFileReference; explicitFileType = wrapper.application; includeInIndex = 0; path = LWEApp.app; sourceTree = BUILT_PRODUCTS_DIR; };
		0F2C9B932B871BFE00C7A462 /* LWEApp.swift */ = {isa = PBXFileReference; lastKnownFileType = sourcecode.swift; path = LWEApp.swift; sourceTree = "<group>"; };
		0F2C9B952B871BFE00C7A462 /* ContentView.swift */ = {isa = PBXFileReference; lastKnownFileType = sourcecode.swift; path = ContentView.swift; sourceTree = "<group>"; };
		0F2C9B972B871BFF00C7A462 /* Assets.xcassets */ = {isa = PBXFileReference; lastKnownFileType = folder.assetcatalog; path = Assets.xcassets; sourceTree = "<group>"; };
		0F2C9BA32B872A9500C7A462 /* MCMContainer.h */ = {isa = PBXFileReference; fileEncoding = 4; lastKnownFileType = sourcecode.c.h; path = MCMContainer.h; sourceTree = "<group>"; };
		0F2C9BA42B872A9500C7A462 /* MCMContainerManager.h */ = {isa = PBXFileReference; fileEncoding = 4; lastKnownFileType = sourcecode.c.h; path = MCMContainerManager.h; sourceTree = "<group>"; };
		0F2C9BA52B872ADB00C7A462 /* MobileContainerManager.tbd */ = {isa = PBXFileReference; fileEncoding = 4; lastKnownFileType = "sourcecode.text-based-dylib-definition"; path = MobileContainerManager.tbd; sourceTree = "<group>"; };
		0F2C9BA72B872B6000C7A462 /* LiveWallpaperExporter-Bridging-Header.h */ = {isa = PBXFileReference; lastKnownFileType = sourcecode.c.h; path = "LiveWallpaperExporter-Bridging-Header.h"; sourceTree = "<group>"; };
		0F2C9BA82B872B6100C7A462 /* PhotosPosterProvider.h */ = {isa = PBXFileReference; lastKnownFileType = sourcecode.c.h; path = PhotosPosterProvider.h; sourceTree = "<group>"; };
		0F2C9BA92B872B6100C7A462 /* PhotosPosterProvider.m */ = {isa = PBXFileReference; lastKnownFileType = sourcecode.c.objc; path = PhotosPosterProvider.m; sourceTree = "<group>"; };
/* End PBXFileReference section */

/* Begin PBXFrameworksBuildPhase section */
		0F2C9B8D2B871BFE00C7A462 /* Frameworks */ = {
			isa = PBXFrameworksBuildPhase;
			buildActionMask = 2147483647;
			files = (
				0F2C9BA62B872ADB00C7A462 /* MobileContainerManager.tbd in Frameworks */,
			);
			runOnlyForDeploymentPostprocessing = 0;
		};
/* End PBXFrameworksBuildPhase section */

/* Begin PBXGroup section */
		0F2C9B872B871BFE00C7A462 = {
			isa = PBXGroup;
			children = (
				0F2C9B922B871BFE00C7A462 /* LiveWallpaperExporter */,
				0F2C9B912B871BFE00C7A462 /* Products */,
			);
			sourceTree = "<group>";
		};
		0F2C9B912B871BFE00C7A462 /* Products */ = {
			isa = PBXGroup;
			children = (
				0F2C9B902B871BFE00C7A462 /* LWEApp.app */,
			);
			name = Products;
			sourceTree = "<group>";
		};
		0F2C9B922B871BFE00C7A462 /* LiveWallpaperExporter */ = {
			isa = PBXGroup;
			children = (
				0F2C9BA12B872A6700C7A462 /* Headers */,
				0F2C9BA22B872A6C00C7A462 /* Libraries */,
				0F2C9B972B871BFF00C7A462 /* Assets.xcassets */,
				0F2C9B932B871BFE00C7A462 /* LWEApp.swift */,
				0F2C9B952B871BFE00C7A462 /* ContentView.swift */,
				0F2C9BA72B872B6000C7A462 /* LiveWallpaperExporter-Bridging-Header.h */,
				0F2C9BA82B872B6100C7A462 /* PhotosPosterProvider.h */,
				0F2C9BA92B872B6100C7A462 /* PhotosPosterProvider.m */,
			);
			path = LiveWallpaperExporter;
			sourceTree = "<group>";
		};
		0F2C9BA12B872A6700C7A462 /* Headers */ = {
			isa = PBXGroup;
			children = (
				0F2C9BA32B872A9500C7A462 /* MCMContainer.h */,
				0F2C9BA42B872A9500C7A462 /* MCMContainerManager.h */,
			);
			path = Headers;
			sourceTree = "<group>";
		};
		0F2C9BA22B872A6C00C7A462 /* Libraries */ = {
			isa = PBXGroup;
			children = (
				0F2C9BA52B872ADB00C7A462 /* MobileContainerManager.tbd */,
			);
			path = Libraries;
			sourceTree = "<group>";
		};
/* End PBXGroup section */

/* Begin PBXNativeTarget section */
		0F2C9B8F2B871BFE00C7A462 /* LiveWallpaperExporter */ = {
			isa = PBXNativeTarget;
			buildConfigurationList = 0F2C9B9E2B871BFF00C7A462 /* Build configuration list for PBXNativeTarget "LiveWallpaperExporter" */;
			buildPhases = (
				0F2C9B8C2B871BFE00C7A462 /* Sources */,
				0F2C9B8D2B871BFE00C7A462 /* Frameworks */,
				0F2C9B8E2B871BFE00C7A462 /* Resources */,
			);
			buildRules = (
			);
			dependencies = (
			);
			name = LiveWallpaperExporter;
			productName = LiveWallpaperExporter;
			productReference = 0F2C9B902B871BFE00C7A462 /* LWEApp.app */;
			productType = "com.apple.product-type.application";
		};
/* End PBXNativeTarget section */

/* Begin PBXProject section */
		0F2C9B882B871BFE00C7A462 /* Project object */ = {
			isa = PBXProject;
			attributes = {
				BuildIndependentTargetsInParallel = 1;
				LastSwiftUpdateCheck = 1520;
				LastUpgradeCheck = 1520;
				TargetAttributes = {
					0F2C9B8F2B871BFE00C7A462 = {
						CreatedOnToolsVersion = 15.2;
						LastSwiftMigration = 1520;
					};
				};
			};
			buildConfigurationList = 0F2C9B8B2B871BFE00C7A462 /* Build configuration list for PBXProject "LiveWallpaperExporter" */;
			compatibilityVersion = "Xcode 14.0";
			developmentRegion = en;
			hasScannedForEncodings = 0;
			knownRegions = (
				en,
				Base,
			);
			mainGroup = 0F2C9B872B871BFE00C7A462;
			productRefGroup = 0F2C9B912B871BFE00C7A462 /* Products */;
			projectDirPath = "";
			projectRoot = "";
			targets = (
				0F2C9B8F2B871BFE00C7A462 /* LiveWallpaperExporter */,
			);
		};
/* End PBXProject section */

/* Begin PBXResourcesBuildPhase section */
		0F2C9B8E2B871BFE00C7A462 /* Resources */ = {
			isa = PBXResourcesBuildPhase;
			buildActionMask = 2147483647;
			files = (
				0F2C9B982B871BFF00C7A462 /* Assets.xcassets in Resources */,
			);
			runOnlyForDeploymentPostprocessing = 0;
		};
/* End PBXResourcesBuildPhase section */

/* Begin PBXSourcesBuildPhase section */
		0F2C9B8C2B871BFE00C7A462 /* Sources */ = {
			isa = PBXSourcesBuildPhase;
			buildActionMask = 2147483647;
			files = (
				0F2C9B962B871BFE00C7A462 /* ContentView.swift in Sources */,
				0F2C9B942B871BFE00C7A462 /* LWEApp.swift in Sources */,
				0F2C9BAA2B872B6100C7A462 /* PhotosPosterProvider.m in Sources */,
			);
			runOnlyForDeploymentPostprocessing = 0;
		};
/* End PBXSourcesBuildPhase section */

/* Begin XCBuildConfiguration section */
		0F2C9B9C2B871BFF00C7A462 /* Debug */ = {
			isa = XCBuildConfiguration;
			buildSettings = {
				ALWAYS_SEARCH_USER_PATHS = NO;
				ASSETCATALOG_COMPILER_GENERATE_SWIFT_ASSET_SYMBOL_EXTENSIONS = YES;
				CLANG_ANALYZER_NONNULL = YES;
				CLANG_ANALYZER_NUMBER_OBJECT_CONVERSION = YES_AGGRESSIVE;
				CLANG_CXX_LANGUAGE_STANDARD = "gnu++20";
				CLANG_ENABLE_MODULES = YES;
				CLANG_ENABLE_OBJC_ARC = YES;
				CLANG_ENABLE_OBJC_WEAK = YES;
				CLANG_WARN_BLOCK_CAPTURE_AUTORELEASING = YES;
				CLANG_WARN_BOOL_CONVERSION = YES;
				CLANG_WARN_COMMA = YES;
				CLANG_WARN_CONSTANT_CONVERSION = YES;
				CLANG_WARN_DEPRECATED_OBJC_IMPLEMENTATIONS = YES;
				CLANG_WARN_DIRECT_OBJC_ISA_USAGE = YES_ERROR;
				CLANG_WARN_DOCUMENTATION_COMMENTS = YES;
				CLANG_WARN_EMPTY_BODY = YES;
				CLANG_WARN_ENUM_CONVERSION = YES;
				CLANG_WARN_INFINITE_RECURSION = YES;
				CLANG_WARN_INT_CONVERSION = YES;
				CLANG_WARN_NON_LITERAL_NULL_CONVERSION = YES;
				CLANG_WARN_OBJC_IMPLICIT_RETAIN_SELF = YES;
				CLANG_WARN_OBJC_LITERAL_CONVERSION = YES;
				CLANG_WARN_OBJC_ROOT_CLASS = YES_ERROR;
				CLANG_WARN_QUOTED_INCLUDE_IN_FRAMEWORK_HEADER = YES;
				CLANG_WARN_RANGE_LOOP_ANALYSIS = YES;
				CLANG_WARN_STRICT_PROTOTYPES = YES;
				CLANG_WARN_SUSPICIOUS_MOVE = YES;
				CLANG_WARN_UNGUARDED_AVAILABILITY = YES_AGGRESSIVE;
				CLANG_WARN_UNREACHABLE_CODE = YES;
				CLANG_WARN__DUPLICATE_METHOD_MATCH = YES;
				COPY_PHASE_STRIP = NO;
				DEBUG_INFORMATION_FORMAT = dwarf;
				ENABLE_STRICT_OBJC_MSGSEND = YES;
				ENABLE_TESTABILITY = YES;
				ENABLE_USER_SCRIPT_SANDBOXING = YES;
				GCC_C_LANGUAGE_STANDARD = gnu17;
				GCC_DYNAMIC_NO_PIC = NO;
				GCC_NO_COMMON_BLOCKS = YES;
				GCC_OPTIMIZATION_LEVEL = 0;
				GCC_PREPROCESSOR_DEFINITIONS = (
					"DEBUG=1",
					"$(inherited)",
				);
				GCC_WARN_64_TO_32_BIT_CONVERSION = YES;
				GCC_WARN_ABOUT_RETURN_TYPE = YES_ERROR;
				GCC_WARN_UNDECLARED_SELECTOR = YES;
				GCC_WARN_UNINITIALIZED_AUTOS = YES_AGGRESSIVE;
				GCC_WARN_UNUSED_FUNCTION = YES;
				GCC_WARN_UNUSED_VARIABLE = YES;
				IPHONEOS_DEPLOYMENT_TARGET = 17.0;
				LOCALIZATION_PREFERS_STRING_CATALOGS = YES;
				MTL_ENABLE_DEBUG_INFO = INCLUDE_SOURCE;
				MTL_FAST_MATH = YES;
				ONLY_ACTIVE_ARCH = YES;
				SDKROOT = iphoneos;
				SWIFT_ACTIVE_COMPILATION_CONDITIONS = "DEBUG $(inherited)";
				SWIFT_OPTIMIZATION_LEVEL = "-Onone";
			};
			name = Debug;
		};
		0F2C9B9D2B871BFF00C7A462 /* Release */ = {
			isa = XCBuildConfiguration;
			buildSettings = {
				ALWAYS_SEARCH_USER_PATHS = NO;
				ASSETCATALOG_COMPILER_GENERATE_SWIFT_ASSET_SYMBOL_EXTENSIONS = YES;
				CLANG_ANALYZER_NONNULL = YES;
				CLANG_ANALYZER_NUMBER_OBJECT_CONVERSION = YES_AGGRESSIVE;
				CLANG_CXX_LANGUAGE_STANDARD = "gnu++20";
				CLANG_ENABLE_MODULES = YES;
				CLANG_ENABLE_OBJC_ARC = YES;
				CLANG_ENABLE_OBJC_WEAK = YES;
				CLANG_WARN_BLOCK_CAPTURE_AUTORELEASING = YES;
				CLANG_WARN_BOOL_CONVERSION = YES;
				CLANG_WARN_COMMA = YES;
				CLANG_WARN_CONSTANT_CONVERSION = YES;
				CLANG_WARN_DEPRECATED_OBJC_IMPLEMENTATIONS = YES;
				CLANG_WARN_DIRECT_OBJC_ISA_USAGE = YES_ERROR;
				CLANG_WARN_DOCUMENTATION_COMMENTS = YES;
				CLANG_WARN_EMPTY_BODY = YES;
				CLANG_WARN_ENUM_CONVERSION = YES;
				CLANG_WARN_INFINITE_RECURSION = YES;
				CLANG_WARN_INT_CONVERSION = YES;
				CLANG_WARN_NON_LITERAL_NULL_CONVERSION = YES;
				CLANG_WARN_OBJC_IMPLICIT_RETAIN_SELF = YES;
				CLANG_WARN_OBJC_LITERAL_CONVERSION = YES;
				CLANG_WARN_OBJC_ROOT_CLASS = YES_ERROR;
				CLANG_WARN_QUOTED_INCLUDE_IN_FRAMEWORK_HEADER = YES;
				CLANG_WARN_RANGE_LOOP_ANALYSIS = YES;
				CLANG_WARN_STRICT_PROTOTYPES = YES;
				CLANG_WARN_SUSPICIOUS_MOVE = YES;
				CLANG_WARN_UNGUARDED_AVAILABILITY = YES_AGGRESSIVE;
				CLANG_WARN_UNREACHABLE_CODE = YES;
				CLANG_WARN__DUPLICATE_METHOD_MATCH = YES;
				COPY_PHASE_STRIP = NO;
				DEBUG_INFORMATION_FORMAT = "dwarf-with-dsym";
				ENABLE_NS_ASSERTIONS = NO;
				ENABLE_STRICT_OBJC_MSGSEND = YES;
				ENABLE_USER_SCRIPT_SANDBOXING = YES;
				GCC_C_LANGUAGE_STANDARD = gnu17;
				GCC_NO_COMMON_BLOCKS = YES;
				GCC_WARN_64_TO_32_BIT_CONVERSION = YES;
				GCC_WARN_ABOUT_RETURN_TYPE = YES_ERROR;
				GCC_WARN_UNDECLARED_SELECTOR = YES;
				GCC_WARN_UNINITIALIZED_AUTOS = YES_AGGRESSIVE;
				GCC_WARN_UNUSED_FUNCTION = YES;
				GCC_WARN_UNUSED_VARIABLE = YES;
				IPHONEOS_DEPLOYMENT_TARGET = 17.0;
				LOCALIZATION_PREFERS_STRING_CATALOGS = YES;
				MTL_ENABLE_DEBUG_INFO = NO;
				MTL_FAST_MATH = YES;
				SDKROOT = iphoneos;
				SWIFT_COMPILATION_MODE = wholemodule;
				VALIDATE_PRODUCT = YES;
			};
			name = Release;
		};
		0F2C9B9F2B871BFF00C7A462 /* Debug */ = {
			isa = XCBuildConfiguration;
			buildSettings = {
				ASSETCATALOG_COMPILER_APPICON_NAME = AppIcon;
				ASSETCATALOG_COMPILER_GLOBAL_ACCENT_COLOR_NAME = AccentColor;
				CLANG_ENABLE_MODULES = YES;
				CODE_SIGN_STYLE = Automatic;
				CURRENT_PROJECT_VERSION = 1;
				DEVELOPMENT_TEAM = GXZ23M5TP2;
				GENERATE_INFOPLIST_FILE = YES;
				INFOPLIST_KEY_CFBundleDisplayName = L.W.E.;
				INFOPLIST_KEY_LSApplicationCategoryType = "public.app-category.utilities";
				INFOPLIST_KEY_UIApplicationSceneManifest_Generation = YES;
				INFOPLIST_KEY_UIApplicationSupportsIndirectInputEvents = YES;
				INFOPLIST_KEY_UILaunchScreen_Generation = YES;
				INFOPLIST_KEY_UISupportedInterfaceOrientations = UIInterfaceOrientationPortrait;
				LD_RUNPATH_SEARCH_PATHS = (
					"$(inherited)",
					"@executable_path/Frameworks",
				);
				LIBRARY_SEARCH_PATHS = (
					"$(inherited)",
					"$(PROJECT_DIR)/LiveWallpaperExporter/Libraries",
				);
				MARKETING_VERSION = 1.0;
				PRODUCT_BUNDLE_IDENTIFIER = com.huawei.LiveWallpaperExporter;
				PRODUCT_NAME = LWEApp;
				SUPPORTED_PLATFORMS = iphoneos;
				SUPPORTS_MACCATALYST = NO;
				SUPPORTS_MAC_DESIGNED_FOR_IPHONE_IPAD = NO;
				SUPPORTS_XR_DESIGNED_FOR_IPHONE_IPAD = NO;
				SWIFT_EMIT_LOC_STRINGS = YES;
				SWIFT_OBJC_BRIDGING_HEADER = "LiveWallpaperExporter/LiveWallpaperExporter-Bridging-Header.h";
				SWIFT_OPTIMIZATION_LEVEL = "-Onone";
				SWIFT_VERSION = 5.0;
				TARGETED_DEVICE_FAMILY = 1;
			};
			name = Debug;
		};
		0F2C9BA02B871BFF00C7A462 /* Release */ = {
			isa = XCBuildConfiguration;
			buildSettings = {
				ASSETCATALOG_COMPILER_APPICON_NAME = AppIcon;
				ASSETCATALOG_COMPILER_GLOBAL_ACCENT_COLOR_NAME = AccentColor;
				CLANG_ENABLE_MODULES = YES;
				CODE_SIGN_STYLE = Automatic;
				CURRENT_PROJECT_VERSION = 1;
				DEVELOPMENT_TEAM = GXZ23M5TP2;
				GENERATE_INFOPLIST_FILE = YES;
				INFOPLIST_KEY_CFBundleDisplayName = L.W.E.;
				INFOPLIST_KEY_LSApplicationCategoryType = "public.app-category.utilities";
				INFOPLIST_KEY_UIApplicationSceneManifest_Generation = YES;
				INFOPLIST_KEY_UIApplicationSupportsIndirectInputEvents = YES;
				INFOPLIST_KEY_UILaunchScreen_Generation = YES;
				INFOPLIST_KEY_UISupportedInterfaceOrientations = UIInterfaceOrientationPortrait;
				LD_RUNPATH_SEARCH_PATHS = (
					"$(inherited)",
					"@executable_path/Frameworks",
				);
				LIBRARY_SEARCH_PATHS = (
					"$(inherited)",
					"$(PROJECT_DIR)/LiveWallpaperExporter/Libraries",
				);
				MARKETING_VERSION = 1.0;
				PRODUCT_BUNDLE_IDENTIFIER = com.huawei.LiveWallpaperExporter;
				PRODUCT_NAME = LWEApp;
				SUPPORTED_PLATFORMS = iphoneos;
				SUPPORTS_MACCATALYST = NO;
				SUPPORTS_MAC_DESIGNED_FOR_IPHONE_IPAD = NO;
				SUPPORTS_XR_DESIGNED_FOR_IPHONE_IPAD = NO;
				SWIFT_EMIT_LOC_STRINGS = YES;
				SWIFT_OBJC_BRIDGING_HEADER = "LiveWallpaperExporter/LiveWallpaperExporter-Bridging-Header.h";
				SWIFT_VERSION = 5.0;
				TARGETED_DEVICE_FAMILY = 1;
			};
			name = Release;
		};
/* End XCBuildConfiguration section */

/* Begin XCConfigurationList section */
		0F2C9B8B2B871BFE00C7A462 /* Build configuration list for PBXProject "LiveWallpaperExporter" */ = {
			isa = XCConfigurationList;
			buildConfigurations = (
				0F2C9B9C2B871BFF00C7A462 /* Debug */,
				0F2C9B9D2B871BFF00C7A462 /* Release */,
			);
			defaultConfigurationIsVisible = 0;
			defaultConfigurationName = Release;
		};
		0F2C9B9E2B871BFF00C7A462 /* Build configuration list for PBXNativeTarget "LiveWallpaperExporter" */ = {
			isa = XCConfigurationList;
			buildConfigurations = (
				0F2C9B9F2B871BFF00C7A462 /* Debug */,
				0F2C9BA02B871BFF00C7A462 /* Release */,
			);
			defaultConfigurationIsVisible = 0;
			defaultConfigurationName = Release;
		};
/* End XCConfigurationList section */
	};
	rootObject = 0F2C9B882B871BFE00C7A462 /* Project object */;
}
